<?xml version="1.0" encoding="utf-8"?>
<Project ToolsVersion="4.0" xmlns="http://schemas.microsoft.com/developer/msbuild/2003">
  <ItemGroup>
    <ClCompile Include="pch.cpp" />
    <ClCompile Include="CategoryTests.cpp">
      <Filter>Tests</Filter>
    </ClCompile>
    <ClCompile Include="main_test.cpp">
      <Filter>Tests</Filter>
    </ClCompile>
    <ClCompile Include="RecipeTests.cpp">
      <Filter>Tests</Filter>
    </ClCompile>
    <ClCompile Include="CookTests.cpp">
      <Filter>Tests</Filter>
    </ClCompile>
    <ClCompile Include="CustomerTests.cpp">
      <Filter>Tests</Filter>
    </ClCompile>
    <ClCompile Include="DeliveryTests.cpp">
      <Filter>Tests</Filter>
    </ClCompile>
    <ClCompile Include="DishTests.cpp">
      <Filter>Tests</Filter>
    </ClCompile>
    <ClCompile Include="FridgeTests.cpp">
      <Filter>Tests</Filter>
    </ClCompile>
    <ClCompile Include="IngredientTests.cpp">
      <Filter>Tests</Filter>
    </ClCompile>
    <ClCompile Include="InventoryTests.cpp">
      <Filter>Tests</Filter>
    </ClCompile>
    <ClCompile Include="KitchenTests.cpp">
      <Filter>Tests</Filter>
    </ClCompile>
    <ClCompile Include="MenuTests.cpp">
      <Filter>Tests</Filter>
    </ClCompile>
    <ClCompile Include="OrderTests.cpp">
      <Filter>Tests</Filter>
    </ClCompile>
    <ClCompile Include="OvenTests.cpp">
      <Filter>Tests</Filter>
    </ClCompile>
    <ClCompile Include="PanTests.cpp">
      <Filter>Tests</Filter>
    </ClCompile>
    <ClCompile Include="PaymentTests.cpp">
      <Filter>Tests</Filter>
    </ClCompile>
    <ClCompile Include="ReservationTests.cpp">
      <Filter>Tests</Filter>
    </ClCompile>
    <ClCompile Include="ReviewTests.cpp">
      <Filter>Tests</Filter>
    </ClCompile>
    <ClCompile Include="StepTests.cpp">
      <Filter>Tests</Filter>
    </ClCompile>
    <ClCompile Include="TemperatureSensorTests.cpp">
      <Filter>Tests</Filter>
    </ClCompile>
    <ClCompile Include="TimerTests.cpp">
      <Filter>Tests</Filter>
    </ClCompile>
  </ItemGroup>
  <ItemGroup>
    <ClInclude Include="pch.h" />
  </ItemGroup>
  <ItemGroup>
    <Filter Include="Tests">
      <UniqueIdentifier>{51cbffd7-a96a-40d6-b512-e0899bac4e48}</UniqueIdentifier>
    </Filter>
  </ItemGroup>
</Project>